{
  "name": "humandesign-engine",
  "version": "0.1.0",
  "lockfileVersion": 3,
  "requires": true,
  "packages": {
    "": {
      "name": "humandesign-engine",
      "version": "0.1.0",
      "dependencies": {
        "swisseph-wasm": "^0.0.5"
      }
    },
    "node_modules/swisseph-wasm": {
      "version": "0.0.5",
      "resolved": "https://registry.npmjs.org/swisseph-wasm/-/swisseph-wasm-0.0.5.tgz",
      "integrity": "sha512-v4n6gV79pWJEW0EbIo4P7B2of6Wnl3MLkrJdaEBf7Fj5zjyMYX1FWsqNnsJbydt4ztROF+UCa+I+UGdT4JVfTw==",
      "license": "GPL-3.0-or-later",
      "engines": {
        "node": ">=14.0.0"
      }
    }
  }
}
